// !$*UTF8*$!
{
	archiveVersion = 1;
	classes = {
	};
	objectVersion = 77;
	objects = {

/* Begin PBXContainerItemProxy section */
		FF542DAE2CE0F3050015DCD3 /* PBXContainerItemProxy */ = {
			isa = PBXContainerItemProxy;
			containerPortal = FF542D952CE0F3040015DCD3 /* Project object */;
			proxyType = 1;
			remoteGlobalIDString = FF542D9C2CE0F3040015DCD3;
			remoteInfo = FavoriteApp;
		};
		FF542DB82CE0F3050015DCD3 /* PBXContainerItemProxy */ = {
			isa = PBXContainerItemProxy;
			containerPortal = FF542D952CE0F3040015DCD3 /* Project object */;
			proxyType = 1;
			remoteGlobalIDString = FF542D9C2CE0F3040015DCD3;
			remoteInfo = FavoriteApp;
		};
/* End PBXContainerItemProxy section */

/* Begin PBXFileReference section */
		FF542D9D2CE0F3040015DCD3 /* FavoriteApp.app */ = {isa = PBXFileReference; explicitFileType = wrapper.application; includeInIndex = 0; path = FavoriteApp.app; sourceTree = BUILT_PRODUCTS_DIR; };
		FF542DAD2CE0F3050015DCD3 /* FavoriteAppTests.xctest */ = {isa = PBXFileReference; explicitFileType = wrapper.cfbundle; includeInIndex = 0; path = FavoriteAppTests.xctest; sourceTree = BUILT_PRODUCTS_DIR; };
		FF542DB72CE0F3050015DCD3 /* FavoriteAppUITests.xctest */ = {isa = PBXFileReference; explicitFileType = wrapper.cfbundle; includeInIndex = 0; path = FavoriteAppUITests.xctest; sourceTree = BUILT_PRODUCTS_DIR; };
/* End PBXFileReference section */

/* Begin PBXFileSystemSynchronizedRootGroup section */
		FF542D9F2CE0F3040015DCD3 /* FavoriteApp */ = {
			isa = PBXFileSystemSynchronizedRootGroup;
			path = FavoriteApp;
			sourceTree = "<group>";
		};
		FF542DB02CE0F3050015DCD3 /* FavoriteAppTests */ = {
			isa = PBXFileSystemSynchronizedRootGroup;
			path = FavoriteAppTests;
			sourceTree = "<group>";
		};
		FF542DBA2CE0F3050015DCD3 /* FavoriteAppUITests */ = {
			isa = PBXFileSystemSynchronizedRootGroup;
			path = FavoriteAppUITests;
			sourceTree = "<group>";
		};
/* End PBXFileSystemSynchronizedRootGroup section */

/* Begin PBXFrameworksBuildPhase section */
		FF542D9A2CE0F3040015DCD3 /* Frameworks */ = {
			isa = PBXFrameworksBuildPhase;
			buildActionMask = 2147483647;
			files = (
			);
			runOnlyForDeploymentPostprocessing = 0;
		};
		FF542DAA2CE0F3050015DCD3 /* Frameworks */ = {
			isa = PBXFrameworksBuildPhase;
			buildActionMask = 2147483647;
			files = (
			);
			runOnlyForDeploymentPostprocessing = 0;
		};
		FF542DB42CE0F3050015DCD3 /* Frameworks */ = {
			isa = PBXFrameworksBuildPhase;
			buildActionMask = 2147483647;
			files = (
			);
			runOnlyForDeploymentPostprocessing = 0;
		};
/* End PBXFrameworksBuildPhase section */

/* Begin PBXGroup section */
		FF542D942CE0F3040015DCD3 = {
			isa = PBXGroup;
			children = (
				FF542D9F2CE0F3040015DCD3 /* FavoriteApp */,
				FF542DB02CE0F3050015DCD3 /* FavoriteAppTests */,
				FF542DBA2CE0F3050015DCD3 /* FavoriteAppUITests */,
				FF542D9E2CE0F3040015DCD3 /* Products */,
			);
			sourceTree = "<group>";
		};
		FF542D9E2CE0F3040015DCD3 /* Products */ = {
			isa = PBXGroup;
			children = (
				FF542D9D2CE0F3040015DCD3 /* FavoriteApp.app */,
				FF542DAD2CE0F3050015DCD3 /* FavoriteAppTests.xctest */,
				FF542DB72CE0F3050015DCD3 /* FavoriteAppUITests.xctest */,
			);
			name = Products;
			sourceTree = "<group>";
		};
/* End PBXGroup section */

/* Begin PBXNativeTarget section */
		FF542D9C2CE0F3040015DCD3 /* FavoriteApp */ = {
			isa = PBXNativeTarget;
			buildConfigurationList = FF542DC12CE0F3050015DCD3 /* Build configuration list for PBXNativeTarget "FavoriteApp" */;
			buildPhases = (
				FF542D992CE0F3040015DCD3 /* Sources */,
				FF542D9A2CE0F3040015DCD3 /* Frameworks */,
				FF542D9B2CE0F3040015DCD3 /* Resources */,
			);
			buildRules = (
			);
			dependencies = (
			);
			fileSystemSynchronizedGroups = (
				FF542D9F2CE0F3040015DCD3 /* FavoriteApp */,
			);
			name = FavoriteApp;
			packageProductDependencies = (
			);
			productName = FavoriteApp;
			productReference = FF542D9D2CE0F3040015DCD3 /* FavoriteApp.app */;
			productType = "com.apple.product-type.application";
		};
		FF542DAC2CE0F3050015DCD3 /* FavoriteAppTests */ = {
			isa = PBXNativeTarget;
			buildConfigurationList = FF542DC42CE0F3050015DCD3 /* Build configuration list for PBXNativeTarget "FavoriteAppTests" */;
			buildPhases = (
				FF542DA92CE0F3050015DCD3 /* Sources */,
				FF542DAA2CE0F3050015DCD3 /* Frameworks */,
				FF542DAB2CE0F3050015DCD3 /* Resources */,
			);
			buildRules = (
			);
			dependencies = (
				FF542DAF2CE0F3050015DCD3 /* PBXTargetDependency */,
			);
			fileSystemSynchronizedGroups = (
				FF542DB02CE0F3050015DCD3 /* FavoriteAppTests */,
			);
			name = FavoriteAppTests;
			packageProductDependencies = (
			);
			productName = FavoriteAppTests;
			productReference = FF542DAD2CE0F3050015DCD3 /* FavoriteAppTests.xctest */;
			productType = "com.apple.product-type.bundle.unit-test";
		};
		FF542DB62CE0F3050015DCD3 /* FavoriteAppUITests */ = {
			isa = PBXNativeTarget;
			buildConfigurationList = FF542DC72CE0F3050015DCD3 /* Build configuration list for PBXNativeTarget "FavoriteAppUITests" */;
			buildPhases = (
				FF542DB32CE0F3050015DCD3 /* Sources */,
				FF542DB42CE0F3050015DCD3 /* Frameworks */,
				FF542DB52CE0F3050015DCD3 /* Resources */,
			);
			buildRules = (
			);
			dependencies = (
				FF542DB92CE0F3050015DCD3 /* PBXTargetDependency */,
			);
			fileSystemSynchronizedGroups = (
				FF542DBA2CE0F3050015DCD3 /* FavoriteAppUITests */,
			);
			name = FavoriteAppUITests;
			packageProductDependencies = (
			);
			productName = FavoriteAppUITests;
			productReference = FF542DB72CE0F3050015DCD3 /* FavoriteAppUITests.xctest */;
			productType = "com.apple.product-type.bundle.ui-testing";
		};
/* End PBXNativeTarget section */

/* Begin PBXProject section */
		FF542D952CE0F3040015DCD3 /* Project object */ = {
			isa = PBXProject;
			attributes = {
				BuildIndependentTargetsInParallel = 1;
				LastSwiftUpdateCheck = 1600;
				LastUpgradeCheck = 1600;
				TargetAttributes = {
					FF542D9C2CE0F3040015DCD3 = {
						CreatedOnToolsVersion = 16.0;
					};
					FF542DAC2CE0F3050015DCD3 = {
						CreatedOnToolsVersion = 16.0;
						TestTargetID = FF542D9C2CE0F3040015DCD3;
					};
					FF542DB62CE0F3050015DCD3 = {
						CreatedOnToolsVersion = 16.0;
						TestTargetID = FF542D9C2CE0F3040015DCD3;
					};
				};
			};
			buildConfigurationList = FF542D982CE0F3040015DCD3 /* Build configuration list for PBXProject "FavoriteApp" */;
			developmentRegion = en;
			hasScannedForEncodings = 0;
			knownRegions = (
				en,
				Base,
			);
			mainGroup = FF542D942CE0F3040015DCD3;
			minimizedProjectReferenceProxies = 1;
			preferredProjectObjectVersion = 77;
			productRefGroup = FF542D9E2CE0F3040015DCD3 /* Products */;
			projectDirPath = "";
			projectRoot = "";
			targets = (
				FF542D9C2CE0F3040015DCD3 /* FavoriteApp */,
				FF542DAC2CE0F3050015DCD3 /* FavoriteAppTests */,
				FF542DB62CE0F3050015DCD3 /* FavoriteAppUITests */,
			);
		};
/* End PBXProject section */

/* Begin PBXResourcesBuildPhase section */
		FF542D9B2CE0F3040015DCD3 /* Resources */ = {
			isa = PBXResourcesBuildPhase;
			buildActionMask = 2147483647;
			files = (
			);
			runOnlyForDeploymentPostprocessing = 0;
		};
		FF542DAB2CE0F3050015DCD3 /* Resources */ = {
			isa = PBXResourcesBuildPhase;
			buildActionMask = 2147483647;
			files = (
			);
			runOnlyForDeploymentPostprocessing = 0;
		};
		FF542DB52CE0F3050015DCD3 /* Resources */ = {
			isa = PBXResourcesBuildPhase;
			buildActionMask = 2147483647;
			files = (
			);
			runOnlyForDeploymentPostprocessing = 0;
		};
/* End PBXResourcesBuildPhase section */

/* Begin PBXSourcesBuildPhase section */
		FF542D992CE0F3040015DCD3 /* Sources */ = {
			isa = PBXSourcesBuildPhase;
			buildActionMask = 2147483647;
			files = (
			);
			runOnlyForDeploymentPostprocessing = 0;
		};
		FF542DA92CE0F3050015DCD3 /* Sources */ = {
			isa = PBXSourcesBuildPhase;
			buildActionMask = 2147483647;
			files = (
			);
			runOnlyForDeploymentPostprocessing = 0;
		};
		FF542DB32CE0F3050015DCD3 /* Sources */ = {
			isa = PBXSourcesBuildPhase;
			buildActionMask = 2147483647;
			files = (
			);
			runOnlyForDeploymentPostprocessing = 0;
		};
/* End PBXSourcesBuildPhase section */

/* Begin PBXTargetDependency section */
		FF542DAF2CE0F3050015DCD3 /* PBXTargetDependency */ = {
			isa = PBXTargetDependency;
			target = FF542D9C2CE0F3040015DCD3 /* FavoriteApp */;
			targetProxy = FF542DAE2CE0F3050015DCD3 /* PBXContainerItemProxy */;
		};
		FF542DB92CE0F3050015DCD3 /* PBXTargetDependency */ = {
			isa = PBXTargetDependency;
			target = FF542D9C2CE0F3040015DCD3 /* FavoriteApp */;
			targetProxy = FF542DB82CE0F3050015DCD3 /* PBXContainerItemProxy */;
		};
/* End PBXTargetDependency section */

/* Begin XCBuildConfiguration section */
		FF542DBF2CE0F3050015DCD3 /* Debug */ = {
			isa = XCBuildConfiguration;
			buildSettings = {
				ALWAYS_SEARCH_USER_PATHS = NO;
				ASSETCATALOG_COMPILER_GENERATE_SWIFT_ASSET_SYMBOL_EXTENSIONS = YES;
				CLANG_ANALYZER_NONNULL = YES;
				CLANG_ANALYZER_NUMBER_OBJECT_CONVERSION = YES_AGGRESSIVE;
				CLANG_CXX_LANGUAGE_STANDARD = "gnu++20";
				CLANG_ENABLE_MODULES = YES;
				CLANG_ENABLE_OBJC_ARC = YES;
				CLANG_ENABLE_OBJC_WEAK = YES;
				CLANG_WARN_BLOCK_CAPTURE_AUTORELEASING = YES;
				CLANG_WARN_BOOL_CONVERSION = YES;
				CLANG_WARN_COMMA = YES;
				CLANG_WARN_CONSTANT_CONVERSION = YES;
				CLANG_WARN_DEPRECATED_OBJC_IMPLEMENTATIONS = YES;
				CLANG_WARN_DIRECT_OBJC_ISA_USAGE = YES_ERROR;
				CLANG_WARN_DOCUMENTATION_COMMENTS = YES;
				CLANG_WARN_EMPTY_BODY = YES;
				CLANG_WARN_ENUM_CONVERSION = YES;
				CLANG_WARN_INFINITE_RECURSION = YES;
				CLANG_WARN_INT_CONVERSION = YES;
				CLANG_WARN_NON_LITERAL_NULL_CONVERSION = YES;
				CLANG_WARN_OBJC_IMPLICIT_RETAIN_SELF = YES;
				CLANG_WARN_OBJC_LITERAL_CONVERSION = YES;
				CLANG_WARN_OBJC_ROOT_CLASS = YES_ERROR;
				CLANG_WARN_QUOTED_INCLUDE_IN_FRAMEWORK_HEADER = YES;
				CLANG_WARN_RANGE_LOOP_ANALYSIS = YES;
				CLANG_WARN_STRICT_PROTOTYPES = YES;
				CLANG_WARN_SUSPICIOUS_MOVE = YES;
				CLANG_WARN_UNGUARDED_AVAILABILITY = YES_AGGRESSIVE;
				CLANG_WARN_UNREACHABLE_CODE = YES;
				CLANG_WARN__DUPLICATE_METHOD_MATCH = YES;
				COPY_PHASE_STRIP = NO;
				DEBUG_INFORMATION_FORMAT = dwarf;
				ENABLE_STRICT_OBJC_MSGSEND = YES;
				ENABLE_TESTABILITY = YES;
				ENABLE_USER_SCRIPT_SANDBOXING = YES;
				GCC_C_LANGUAGE_STANDARD = gnu17;
				GCC_DYNAMIC_NO_PIC = NO;
				GCC_NO_COMMON_BLOCKS = YES;
				GCC_OPTIMIZATION_LEVEL = 0;
				GCC_PREPROCESSOR_DEFINITIONS = (
					"DEBUG=1",
					"$(inherited)",
				);
				GCC_WARN_64_TO_32_BIT_CONVERSION = YES;
				GCC_WARN_ABOUT_RETURN_TYPE = YES_ERROR;
				GCC_WARN_UNDECLARED_SELECTOR = YES;
				GCC_WARN_UNINITIALIZED_AUTOS = YES_AGGRESSIVE;
				GCC_WARN_UNUSED_FUNCTION = YES;
				GCC_WARN_UNUSED_VARIABLE = YES;
				IPHONEOS_DEPLOYMENT_TARGET = 18.0;
				LOCALIZATION_PREFERS_STRING_CATALOGS = YES;
				MTL_ENABLE_DEBUG_INFO = INCLUDE_SOURCE;
				MTL_FAST_MATH = YES;
				ONLY_ACTIVE_ARCH = YES;
				SDKROOT = iphoneos;
				SWIFT_ACTIVE_COMPILATION_CONDITIONS = "DEBUG $(inherited)";
				SWIFT_OPTIMIZATION_LEVEL = "-Onone";
			};
			name = Debug;
		};
		FF542DC02CE0F3050015DCD3 /* Release */ = {
			isa = XCBuildConfiguration;
			buildSettings = {
				ALWAYS_SEARCH_USER_PATHS = NO;
				ASSETCATALOG_COMPILER_GENERATE_SWIFT_ASSET_SYMBOL_EXTENSIONS = YES;
				CLANG_ANALYZER_NONNULL = YES;
				CLANG_ANALYZER_NUMBER_OBJECT_CONVERSION = YES_AGGRESSIVE;
				CLANG_CXX_LANGUAGE_STANDARD = "gnu++20";
				CLANG_ENABLE_MODULES = YES;
				CLANG_ENABLE_OBJC_ARC = YES;
				CLANG_ENABLE_OBJC_WEAK = YES;
				CLANG_WARN_BLOCK_CAPTURE_AUTORELEASING = YES;
				CLANG_WARN_BOOL_CONVERSION = YES;
				CLANG_WARN_COMMA = YES;
				CLANG_WARN_CONSTANT_CONVERSION = YES;
				CLANG_WARN_DEPRECATED_OBJC_IMPLEMENTATIONS = YES;
				CLANG_WARN_DIRECT_OBJC_ISA_USAGE = YES_ERROR;
				CLANG_WARN_DOCUMENTATION_COMMENTS = YES;
				CLANG_WARN_EMPTY_BODY = YES;
				CLANG_WARN_ENUM_CONVERSION = YES;
				CLANG_WARN_INFINITE_RECURSION = YES;
				CLANG_WARN_INT_CONVERSION = YES;
				CLANG_WARN_NON_LITERAL_NULL_CONVERSION = YES;
				CLANG_WARN_OBJC_IMPLICIT_RETAIN_SELF = YES;
				CLANG_WARN_OBJC_LITERAL_CONVERSION = YES;
				CLANG_WARN_OBJC_ROOT_CLASS = YES_ERROR;
				CLANG_WARN_QUOTED_INCLUDE_IN_FRAMEWORK_HEADER = YES;
				CLANG_WARN_RANGE_LOOP_ANALYSIS = YES;
				CLANG_WARN_STRICT_PROTOTYPES = YES;
				CLANG_WARN_SUSPICIOUS_MOVE = YES;
				CLANG_WARN_UNGUARDED_AVAILABILITY = YES_AGGRESSIVE;
				CLANG_WARN_UNREACHABLE_CODE = YES;
				CLANG_WARN__DUPLICATE_METHOD_MATCH = YES;
				COPY_PHASE_STRIP = NO;
				DEBUG_INFORMATION_FORMAT = "dwarf-with-dsym";
				ENABLE_NS_ASSERTIONS = NO;
				ENABLE_STRICT_OBJC_MSGSEND = YES;
				ENABLE_USER_SCRIPT_SANDBOXING = YES;
				GCC_C_LANGUAGE_STANDARD = gnu17;
				GCC_NO_COMMON_BLOCKS = YES;
				GCC_WARN_64_TO_32_BIT_CONVERSION = YES;
				GCC_WARN_ABOUT_RETURN_TYPE = YES_ERROR;
				GCC_WARN_UNDECLARED_SELECTOR = YES;
				GCC_WARN_UNINITIALIZED_AUTOS = YES_AGGRESSIVE;
				GCC_WARN_UNUSED_FUNCTION = YES;
				GCC_WARN_UNUSED_VARIABLE = YES;
				IPHONEOS_DEPLOYMENT_TARGET = 18.0;
				LOCALIZATION_PREFERS_STRING_CATALOGS = YES;
				MTL_ENABLE_DEBUG_INFO = NO;
				MTL_FAST_MATH = YES;
				SDKROOT = iphoneos;
				SWIFT_COMPILATION_MODE = wholemodule;
				VALIDATE_PRODUCT = YES;
			};
			name = Release;
		};
		FF542DC22CE0F3050015DCD3 /* Debug */ = {
			isa = XCBuildConfiguration;
			buildSettings = {
				ASSETCATALOG_COMPILER_APPICON_NAME = AppIcon;
				ASSETCATALOG_COMPILER_GLOBAL_ACCENT_COLOR_NAME = AccentColor;
				CODE_SIGN_STYLE = Automatic;
				CURRENT_PROJECT_VERSION = 1;
				DEVELOPMENT_ASSET_PATHS = "\"FavoriteApp/Preview Content\"";
				ENABLE_PREVIEWS = YES;
				GENERATE_INFOPLIST_FILE = YES;
				INFOPLIST_KEY_UIApplicationSceneManifest_Generation = YES;
				INFOPLIST_KEY_UIApplicationSupportsIndirectInputEvents = YES;
				INFOPLIST_KEY_UILaunchScreen_Generation = YES;
				INFOPLIST_KEY_UISupportedInterfaceOrientations_iPad = "UIInterfaceOrientationPortrait UIInterfaceOrientationPortraitUpsideDown UIInterfaceOrientationLandscapeLeft UIInterfaceOrientationLandscapeRight";
				INFOPLIST_KEY_UISupportedInterfaceOrientations_iPhone = "UIInterfaceOrientationPortrait UIInterfaceOrientationLandscapeLeft UIInterfaceOrientationLandscapeRight";
				LD_RUNPATH_SEARCH_PATHS = (
					"$(inherited)",
					"@executable_path/Frameworks",
				);
				MARKETING_VERSION = 1.0;
				PRODUCT_BUNDLE_IDENTIFIER = com.omerapaydin.FavoriteApp;
				PRODUCT_NAME = "$(TARGET_NAME)";
				SWIFT_EMIT_LOC_STRINGS = YES;
				SWIFT_VERSION = 5.0;
				TARGETED_DEVICE_FAMILY = "1,2";
			};
			name = Debug;
		};
		FF542DC32CE0F3050015DCD3 /* Release */ = {
			isa = XCBuildConfiguration;
			buildSettings = {
				ASSETCATALOG_COMPILER_APPICON_NAME = AppIcon;
				ASSETCATALOG_COMPILER_GLOBAL_ACCENT_COLOR_NAME = AccentColor;
				CODE_SIGN_STYLE = Automatic;
				CURRENT_PROJECT_VERSION = 1;
				DEVELOPMENT_ASSET_PATHS = "\"FavoriteApp/Preview Content\"";
				ENABLE_PREVIEWS = YES;
				GENERATE_INFOPLIST_FILE = YES;
				INFOPLIST_KEY_UIApplicationSceneManifest_Generation = YES;
				INFOPLIST_KEY_UIApplicationSupportsIndirectInputEvents = YES;
				INFOPLIST_KEY_UILaunchScreen_Generation = YES;
				INFOPLIST_KEY_UISupportedInterfaceOrientations_iPad = "UIInterfaceOrientationPortrait UIInterfaceOrientationPortraitUpsideDown UIInterfaceOrientationLandscapeLeft UIInterfaceOrientationLandscapeRight";
				INFOPLIST_KEY_UISupportedInterfaceOrientations_iPhone = "UIInterfaceOrientationPortrait UIInterfaceOrientationLandscapeLeft UIInterfaceOrientationLandscapeRight";
				LD_RUNPATH_SEARCH_PATHS = (
					"$(inherited)",
					"@executable_path/Frameworks",
				);
				MARKETING_VERSION = 1.0;
				PRODUCT_BUNDLE_IDENTIFIER = com.omerapaydin.FavoriteApp;
				PRODUCT_NAME = "$(TARGET_NAME)";
				SWIFT_EMIT_LOC_STRINGS = YES;
				SWIFT_VERSION = 5.0;
				TARGETED_DEVICE_FAMILY = "1,2";
			};
			name = Release;
		};
		FF542DC52CE0F3050015DCD3 /* Debug */ = {
			isa = XCBuildConfiguration;
			buildSettings = {
				BUNDLE_LOADER = "$(TEST_HOST)";
				CODE_SIGN_STYLE = Automatic;
				CURRENT_PROJECT_VERSION = 1;
				GENERATE_INFOPLIST_FILE = YES;
				IPHONEOS_DEPLOYMENT_TARGET = 18.0;
				MARKETING_VERSION = 1.0;
				PRODUCT_BUNDLE_IDENTIFIER = com.omerapaydin.FavoriteAppTests;
				PRODUCT_NAME = "$(TARGET_NAME)";
				SWIFT_EMIT_LOC_STRINGS = NO;
				SWIFT_VERSION = 5.0;
				TARGETED_DEVICE_FAMILY = "1,2";
				TEST_HOST = "$(BUILT_PRODUCTS_DIR)/FavoriteApp.app/$(BUNDLE_EXECUTABLE_FOLDER_PATH)/FavoriteApp";
			};
			name = Debug;
		};
		FF542DC62CE0F3050015DCD3 /* Release */ = {
			isa = XCBuildConfiguration;
			buildSettings = {
				BUNDLE_LOADER = "$(TEST_HOST)";
				CODE_SIGN_STYLE = Automatic;
				CURRENT_PROJECT_VERSION = 1;
				GENERATE_INFOPLIST_FILE = YES;
				IPHONEOS_DEPLOYMENT_TARGET = 18.0;
				MARKETING_VERSION = 1.0;
				PRODUCT_BUNDLE_IDENTIFIER = com.omerapaydin.FavoriteAppTests;
				PRODUCT_NAME = "$(TARGET_NAME)";
				SWIFT_EMIT_LOC_STRINGS = NO;
				SWIFT_VERSION = 5.0;
				TARGETED_DEVICE_FAMILY = "1,2";
				TEST_HOST = "$(BUILT_PRODUCTS_DIR)/FavoriteApp.app/$(BUNDLE_EXECUTABLE_FOLDER_PATH)/FavoriteApp";
			};
			name = Release;
		};
		FF542DC82CE0F3050015DCD3 /* Debug */ = {
			isa = XCBuildConfiguration;
			buildSettings = {
				CODE_SIGN_STYLE = Automatic;
				CURRENT_PROJECT_VERSION = 1;
				GENERATE_INFOPLIST_FILE = YES;
				MARKETING_VERSION = 1.0;
				PRODUCT_BUNDLE_IDENTIFIER = com.omerapaydin.FavoriteAppUITests;
				PRODUCT_NAME = "$(TARGET_NAME)";
				SWIFT_EMIT_LOC_STRINGS = NO;
				SWIFT_VERSION = 5.0;
				TARGETED_DEVICE_FAMILY = "1,2";
				TEST_TARGET_NAME = FavoriteApp;
			};
			name = Debug;
		};
		FF542DC92CE0F3050015DCD3 /* Release */ = {
			isa = XCBuildConfiguration;
			buildSettings = {
				CODE_SIGN_STYLE = Automatic;
				CURRENT_PROJECT_VERSION = 1;
				GENERATE_INFOPLIST_FILE = YES;
				MARKETING_VERSION = 1.0;
				PRODUCT_BUNDLE_IDENTIFIER = com.omerapaydin.FavoriteAppUITests;
				PRODUCT_NAME = "$(TARGET_NAME)";
				SWIFT_EMIT_LOC_STRINGS = NO;
				SWIFT_VERSION = 5.0;
				TARGETED_DEVICE_FAMILY = "1,2";
				TEST_TARGET_NAME = FavoriteApp;
			};
			name = Release;
		};
/* End XCBuildConfiguration section */

/* Begin XCConfigurationList section */
		FF542D982CE0F3040015DCD3 /* Build configuration list for PBXProject "FavoriteApp" */ = {
			isa = XCConfigurationList;
			buildConfigurations = (
				FF542DBF2CE0F3050015DCD3 /* Debug */,
				FF542DC02CE0F3050015DCD3 /* Release */,
			);
			defaultConfigurationIsVisible = 0;
			defaultConfigurationName = Release;
		};
		FF542DC12CE0F3050015DCD3 /* Build configuration list for PBXNativeTarget "FavoriteApp" */ = {
			isa = XCConfigurationList;
			buildConfigurations = (
				FF542DC22CE0F3050015DCD3 /* Debug */,
				FF542DC32CE0F3050015DCD3 /* Release */,
			);
			defaultConfigurationIsVisible = 0;
			defaultConfigurationName = Release;
		};
		FF542DC42CE0F3050015DCD3 /* Build configuration list for PBXNativeTarget "FavoriteAppTests" */ = {
			isa = XCConfigurationList;
			buildConfigurations = (
				FF542DC52CE0F3050015DCD3 /* Debug */,
				FF542DC62CE0F3050015DCD3 /* Release */,
			);
			defaultConfigurationIsVisible = 0;
			defaultConfigurationName = Release;
		};
		FF542DC72CE0F3050015DCD3 /* Build configuration list for PBXNativeTarget "FavoriteAppUITests" */ = {
			isa = XCConfigurationList;
			buildConfigurations = (
				FF542DC82CE0F3050015DCD3 /* Debug */,
				FF542DC92CE0F3050015DCD3 /* Release */,
			);
			defaultConfigurationIsVisible = 0;
			defaultConfigurationName = Release;
		};
/* End XCConfigurationList section */
	};
	rootObject = FF542D952CE0F3040015DCD3 /* Project object */;
}
